// !$*UTF8*$!
{
	archiveVersion = 1;
	classes = {
	};
	objectVersion = 50;
	objects = {

/* Begin PBXBuildFile section */
		B5313D1724015CCB005A3B96 /* Follower.swift in Sources */ = {isa = PBXBuildFile; fileRef = B5313D1624015CCB005A3B96 /* Follower.swift */; };
		B5313D1924015D96005A3B96 /* User.swift in Sources */ = {isa = PBXBuildFile; fileRef = B5313D1824015D96005A3B96 /* User.swift */; };
		B5313D1C240163DF005A3B96 /* NetworkManager.swift in Sources */ = {isa = PBXBuildFile; fileRef = B5313D1B240163DF005A3B96 /* NetworkManager.swift */; };
		B53A00372400039800C5C6D4 /* GFTitleLabel.swift in Sources */ = {isa = PBXBuildFile; fileRef = B53A00362400039800C5C6D4 /* GFTitleLabel.swift */; };
		B53A00392400056D00C5C6D4 /* GFBodyLabel.swift in Sources */ = {isa = PBXBuildFile; fileRef = B53A00382400056D00C5C6D4 /* GFBodyLabel.swift */; };
		B53A003B2400068D00C5C6D4 /* GFAlertViewController.swift in Sources */ = {isa = PBXBuildFile; fileRef = B53A003A2400068D00C5C6D4 /* GFAlertViewController.swift */; };
		B53A003D24000D8B00C5C6D4 /* UIViewController+Extension.swift in Sources */ = {isa = PBXBuildFile; fileRef = B53A003C24000D8B00C5C6D4 /* UIViewController+Extension.swift */; };
		B5C7865A23FC113C001F245F /* AppDelegate.swift in Sources */ = {isa = PBXBuildFile; fileRef = B5C7865923FC113C001F245F /* AppDelegate.swift */; };
		B5C7865C23FC113C001F245F /* SceneDelegate.swift in Sources */ = {isa = PBXBuildFile; fileRef = B5C7865B23FC113C001F245F /* SceneDelegate.swift */; };
		B5C7866323FC113F001F245F /* Assets.xcassets in Resources */ = {isa = PBXBuildFile; fileRef = B5C7866223FC113F001F245F /* Assets.xcassets */; };
		B5C7866623FC113F001F245F /* LaunchScreen.storyboard in Resources */ = {isa = PBXBuildFile; fileRef = B5C7866423FC113F001F245F /* LaunchScreen.storyboard */; };
		B5E982C923FD59CE0005B124 /* SearchViewController.swift in Sources */ = {isa = PBXBuildFile; fileRef = B5E982C823FD59CE0005B124 /* SearchViewController.swift */; };
		B5E982CB23FD59FC0005B124 /* FavoritesListViewController.swift in Sources */ = {isa = PBXBuildFile; fileRef = B5E982CA23FD59FC0005B124 /* FavoritesListViewController.swift */; };
		B5E982CD23FD61170005B124 /* GFButton.swift in Sources */ = {isa = PBXBuildFile; fileRef = B5E982CC23FD61170005B124 /* GFButton.swift */; };
		B5E982CF23FD65FD0005B124 /* GFTextField.swift in Sources */ = {isa = PBXBuildFile; fileRef = B5E982CE23FD65FD0005B124 /* GFTextField.swift */; };
		B5F43FBF23FEBD970092C936 /* FollowerListViewController.swift in Sources */ = {isa = PBXBuildFile; fileRef = B5F43FBE23FEBD970092C936 /* FollowerListViewController.swift */; };
/* End PBXBuildFile section */

/* Begin PBXFileReference section */
		B5313D1624015CCB005A3B96 /* Follower.swift */ = {isa = PBXFileReference; lastKnownFileType = sourcecode.swift; path = Follower.swift; sourceTree = "<group>"; };
		B5313D1824015D96005A3B96 /* User.swift */ = {isa = PBXFileReference; lastKnownFileType = sourcecode.swift; path = User.swift; sourceTree = "<group>"; };
		B5313D1B240163DF005A3B96 /* NetworkManager.swift */ = {isa = PBXFileReference; lastKnownFileType = sourcecode.swift; path = NetworkManager.swift; sourceTree = "<group>"; };
		B53A00362400039800C5C6D4 /* GFTitleLabel.swift */ = {isa = PBXFileReference; lastKnownFileType = sourcecode.swift; path = GFTitleLabel.swift; sourceTree = "<group>"; };
		B53A00382400056D00C5C6D4 /* GFBodyLabel.swift */ = {isa = PBXFileReference; lastKnownFileType = sourcecode.swift; path = GFBodyLabel.swift; sourceTree = "<group>"; };
		B53A003A2400068D00C5C6D4 /* GFAlertViewController.swift */ = {isa = PBXFileReference; lastKnownFileType = sourcecode.swift; path = GFAlertViewController.swift; sourceTree = "<group>"; };
		B53A003C24000D8B00C5C6D4 /* UIViewController+Extension.swift */ = {isa = PBXFileReference; lastKnownFileType = sourcecode.swift; path = "UIViewController+Extension.swift"; sourceTree = "<group>"; };
		B5C7865623FC113C001F245F /* GitHubFollowers.app */ = {isa = PBXFileReference; explicitFileType = wrapper.application; includeInIndex = 0; path = GitHubFollowers.app; sourceTree = BUILT_PRODUCTS_DIR; };
		B5C7865923FC113C001F245F /* AppDelegate.swift */ = {isa = PBXFileReference; lastKnownFileType = sourcecode.swift; path = AppDelegate.swift; sourceTree = "<group>"; };
		B5C7865B23FC113C001F245F /* SceneDelegate.swift */ = {isa = PBXFileReference; lastKnownFileType = sourcecode.swift; path = SceneDelegate.swift; sourceTree = "<group>"; };
		B5C7866223FC113F001F245F /* Assets.xcassets */ = {isa = PBXFileReference; lastKnownFileType = folder.assetcatalog; path = Assets.xcassets; sourceTree = "<group>"; };
		B5C7866523FC113F001F245F /* Base */ = {isa = PBXFileReference; lastKnownFileType = file.storyboard; name = Base; path = Base.lproj/LaunchScreen.storyboard; sourceTree = "<group>"; };
		B5C7866723FC113F001F245F /* Info.plist */ = {isa = PBXFileReference; lastKnownFileType = text.plist.xml; path = Info.plist; sourceTree = "<group>"; };
		B5E982C823FD59CE0005B124 /* SearchViewController.swift */ = {isa = PBXFileReference; lastKnownFileType = sourcecode.swift; path = SearchViewController.swift; sourceTree = "<group>"; };
		B5E982CA23FD59FC0005B124 /* FavoritesListViewController.swift */ = {isa = PBXFileReference; lastKnownFileType = sourcecode.swift; path = FavoritesListViewController.swift; sourceTree = "<group>"; };
		B5E982CC23FD61170005B124 /* GFButton.swift */ = {isa = PBXFileReference; lastKnownFileType = sourcecode.swift; path = GFButton.swift; sourceTree = "<group>"; };
		B5E982CE23FD65FD0005B124 /* GFTextField.swift */ = {isa = PBXFileReference; lastKnownFileType = sourcecode.swift; path = GFTextField.swift; sourceTree = "<group>"; };
		B5F43FBE23FEBD970092C936 /* FollowerListViewController.swift */ = {isa = PBXFileReference; lastKnownFileType = sourcecode.swift; path = FollowerListViewController.swift; sourceTree = "<group>"; };
/* End PBXFileReference section */

/* Begin PBXFrameworksBuildPhase section */
		B5C7865323FC113C001F245F /* Frameworks */ = {
			isa = PBXFrameworksBuildPhase;
			buildActionMask = 2147483647;
			files = (
			);
			runOnlyForDeploymentPostprocessing = 0;
		};
/* End PBXFrameworksBuildPhase section */

/* Begin PBXGroup section */
		B5313D1524015CBC005A3B96 /* Model */ = {
			isa = PBXGroup;
			children = (
				B5313D1624015CCB005A3B96 /* Follower.swift */,
				B5313D1824015D96005A3B96 /* User.swift */,
			);
			path = Model;
			sourceTree = "<group>";
		};
		B5313D1A240163D2005A3B96 /* Managers */ = {
			isa = PBXGroup;
			children = (
				B5313D1B240163DF005A3B96 /* NetworkManager.swift */,
			);
			path = Managers;
			sourceTree = "<group>";
		};
		B53A003E240012F700C5C6D4 /* Screens */ = {
			isa = PBXGroup;
			children = (
				B5E982C823FD59CE0005B124 /* SearchViewController.swift */,
				B5E982CA23FD59FC0005B124 /* FavoritesListViewController.swift */,
				B5F43FBE23FEBD970092C936 /* FollowerListViewController.swift */,
			);
			path = Screens;
			sourceTree = "<group>";
		};
		B53A003F2400133200C5C6D4 /* Custom Views */ = {
			isa = PBXGroup;
			children = (
				B53A003A2400068D00C5C6D4 /* GFAlertViewController.swift */,
				B5E982CC23FD61170005B124 /* GFButton.swift */,
				B5E982CE23FD65FD0005B124 /* GFTextField.swift */,
				B53A00362400039800C5C6D4 /* GFTitleLabel.swift */,
				B53A00382400056D00C5C6D4 /* GFBodyLabel.swift */,
			);
			path = "Custom Views";
			sourceTree = "<group>";
		};
		B53A00402400135C00C5C6D4 /* Extensions */ = {
			isa = PBXGroup;
			children = (
				B53A003C24000D8B00C5C6D4 /* UIViewController+Extension.swift */,
			);
			path = Extensions;
			sourceTree = "<group>";
		};
		B53A0041240013BD00C5C6D4 /* Support */ = {
			isa = PBXGroup;
			children = (
				B5C7865923FC113C001F245F /* AppDelegate.swift */,
				B5C7865B23FC113C001F245F /* SceneDelegate.swift */,
				B5C7866223FC113F001F245F /* Assets.xcassets */,
				B5C7866423FC113F001F245F /* LaunchScreen.storyboard */,
				B5C7866723FC113F001F245F /* Info.plist */,
			);
			path = Support;
			sourceTree = "<group>";
		};
		B5C7864D23FC113C001F245F = {
			isa = PBXGroup;
			children = (
				B5C7865823FC113C001F245F /* GitHubFollowers */,
				B5C7865723FC113C001F245F /* Products */,
			);
			sourceTree = "<group>";
		};
		B5C7865723FC113C001F245F /* Products */ = {
			isa = PBXGroup;
			children = (
				B5C7865623FC113C001F245F /* GitHubFollowers.app */,
			);
			name = Products;
			sourceTree = "<group>";
		};
		B5C7865823FC113C001F245F /* GitHubFollowers */ = {
			isa = PBXGroup;
			children = (
				B5313D1A240163D2005A3B96 /* Managers */,
				B5313D1524015CBC005A3B96 /* Model */,
				B53A0041240013BD00C5C6D4 /* Support */,
				B53A00402400135C00C5C6D4 /* Extensions */,
				B53A003F2400133200C5C6D4 /* Custom Views */,
				B53A003E240012F700C5C6D4 /* Screens */,
			);
			path = GitHubFollowers;
			sourceTree = "<group>";
		};
/* End PBXGroup section */

/* Begin PBXNativeTarget section */
		B5C7865523FC113C001F245F /* GitHubFollowers */ = {
			isa = PBXNativeTarget;
			buildConfigurationList = B5C7866A23FC113F001F245F /* Build configuration list for PBXNativeTarget "GitHubFollowers" */;
			buildPhases = (
				B5C7865223FC113C001F245F /* Sources */,
				B5C7865323FC113C001F245F /* Frameworks */,
				B5C7865423FC113C001F245F /* Resources */,
			);
			buildRules = (
			);
			dependencies = (
			);
			name = GitHubFollowers;
			productName = GitHubFollowers;
			productReference = B5C7865623FC113C001F245F /* GitHubFollowers.app */;
			productType = "com.apple.product-type.application";
		};
/* End PBXNativeTarget section */

/* Begin PBXProject section */
		B5C7864E23FC113C001F245F /* Project object */ = {
			isa = PBXProject;
			attributes = {
				LastSwiftUpdateCheck = 1130;
				LastUpgradeCheck = 1130;
				ORGANIZATIONNAME = pedrorojas.dev;
				TargetAttributes = {
					B5C7865523FC113C001F245F = {
						CreatedOnToolsVersion = 11.3.1;
					};
				};
			};
			buildConfigurationList = B5C7865123FC113C001F245F /* Build configuration list for PBXProject "GitHubFollowers" */;
			compatibilityVersion = "Xcode 9.3";
			developmentRegion = en;
			hasScannedForEncodings = 0;
			knownRegions = (
				en,
				Base,
			);
			mainGroup = B5C7864D23FC113C001F245F;
			productRefGroup = B5C7865723FC113C001F245F /* Products */;
			projectDirPath = "";
			projectRoot = "";
			targets = (
				B5C7865523FC113C001F245F /* GitHubFollowers */,
			);
		};
/* End PBXProject section */

/* Begin PBXResourcesBuildPhase section */
		B5C7865423FC113C001F245F /* Resources */ = {
			isa = PBXResourcesBuildPhase;
			buildActionMask = 2147483647;
			files = (
				B5C7866623FC113F001F245F /* LaunchScreen.storyboard in Resources */,
				B5C7866323FC113F001F245F /* Assets.xcassets in Resources */,
			);
			runOnlyForDeploymentPostprocessing = 0;
		};
/* End PBXResourcesBuildPhase section */

/* Begin PBXSourcesBuildPhase section */
		B5C7865223FC113C001F245F /* Sources */ = {
			isa = PBXSourcesBuildPhase;
			buildActionMask = 2147483647;
			files = (
				B5313D1924015D96005A3B96 /* User.swift in Sources */,
				B53A003B2400068D00C5C6D4 /* GFAlertViewController.swift in Sources */,
				B53A003D24000D8B00C5C6D4 /* UIViewController+Extension.swift in Sources */,
				B53A00372400039800C5C6D4 /* GFTitleLabel.swift in Sources */,
				B5E982CF23FD65FD0005B124 /* GFTextField.swift in Sources */,
				B5E982C923FD59CE0005B124 /* SearchViewController.swift in Sources */,
				B5E982CD23FD61170005B124 /* GFButton.swift in Sources */,
				B53A00392400056D00C5C6D4 /* GFBodyLabel.swift in Sources */,
				B5313D1724015CCB005A3B96 /* Follower.swift in Sources */,
				B5F43FBF23FEBD970092C936 /* FollowerListViewController.swift in Sources */,
				B5313D1C240163DF005A3B96 /* NetworkManager.swift in Sources */,
				B5C7865A23FC113C001F245F /* AppDelegate.swift in Sources */,
				B5E982CB23FD59FC0005B124 /* FavoritesListViewController.swift in Sources */,
				B5C7865C23FC113C001F245F /* SceneDelegate.swift in Sources */,
			);
			runOnlyForDeploymentPostprocessing = 0;
		};
/* End PBXSourcesBuildPhase section */

/* Begin PBXVariantGroup section */
		B5C7866423FC113F001F245F /* LaunchScreen.storyboard */ = {
			isa = PBXVariantGroup;
			children = (
				B5C7866523FC113F001F245F /* Base */,
			);
			name = LaunchScreen.storyboard;
			sourceTree = "<group>";
		};
/* End PBXVariantGroup section */

/* Begin XCBuildConfiguration section */
		B5C7866823FC113F001F245F /* Debug */ = {
			isa = XCBuildConfiguration;
			buildSettings = {
				ALWAYS_SEARCH_USER_PATHS = NO;
				CLANG_ANALYZER_NONNULL = YES;
				CLANG_ANALYZER_NUMBER_OBJECT_CONVERSION = YES_AGGRESSIVE;
				CLANG_CXX_LANGUAGE_STANDARD = "gnu++14";
				CLANG_CXX_LIBRARY = "libc++";
				CLANG_ENABLE_MODULES = YES;
				CLANG_ENABLE_OBJC_ARC = YES;
				CLANG_ENABLE_OBJC_WEAK = YES;
				CLANG_WARN_BLOCK_CAPTURE_AUTORELEASING = YES;
				CLANG_WARN_BOOL_CONVERSION = YES;
				CLANG_WARN_COMMA = YES;
				CLANG_WARN_CONSTANT_CONVERSION = YES;
				CLANG_WARN_DEPRECATED_OBJC_IMPLEMENTATIONS = YES;
				CLANG_WARN_DIRECT_OBJC_ISA_USAGE = YES_ERROR;
				CLANG_WARN_DOCUMENTATION_COMMENTS = YES;
				CLANG_WARN_EMPTY_BODY = YES;
				CLANG_WARN_ENUM_CONVERSION = YES;
				CLANG_WARN_INFINITE_RECURSION = YES;
				CLANG_WARN_INT_CONVERSION = YES;
				CLANG_WARN_NON_LITERAL_NULL_CONVERSION = YES;
				CLANG_WARN_OBJC_IMPLICIT_RETAIN_SELF = YES;
				CLANG_WARN_OBJC_LITERAL_CONVERSION = YES;
				CLANG_WARN_OBJC_ROOT_CLASS = YES_ERROR;
				CLANG_WARN_RANGE_LOOP_ANALYSIS = YES;
				CLANG_WARN_STRICT_PROTOTYPES = YES;
				CLANG_WARN_SUSPICIOUS_MOVE = YES;
				CLANG_WARN_UNGUARDED_AVAILABILITY = YES_AGGRESSIVE;
				CLANG_WARN_UNREACHABLE_CODE = YES;
				CLANG_WARN__DUPLICATE_METHOD_MATCH = YES;
				COPY_PHASE_STRIP = NO;
				DEBUG_INFORMATION_FORMAT = dwarf;
				ENABLE_STRICT_OBJC_MSGSEND = YES;
				ENABLE_TESTABILITY = YES;
				GCC_C_LANGUAGE_STANDARD = gnu11;
				GCC_DYNAMIC_NO_PIC = NO;
				GCC_NO_COMMON_BLOCKS = YES;
				GCC_OPTIMIZATION_LEVEL = 0;
				GCC_PREPROCESSOR_DEFINITIONS = (
					"DEBUG=1",
					"$(inherited)",
				);
				GCC_WARN_64_TO_32_BIT_CONVERSION = YES;
				GCC_WARN_ABOUT_RETURN_TYPE = YES_ERROR;
				GCC_WARN_UNDECLARED_SELECTOR = YES;
				GCC_WARN_UNINITIALIZED_AUTOS = YES_AGGRESSIVE;
				GCC_WARN_UNUSED_FUNCTION = YES;
				GCC_WARN_UNUSED_VARIABLE = YES;
				IPHONEOS_DEPLOYMENT_TARGET = 13.2;
				MTL_ENABLE_DEBUG_INFO = INCLUDE_SOURCE;
				MTL_FAST_MATH = YES;
				ONLY_ACTIVE_ARCH = YES;
				SDKROOT = iphoneos;
				SWIFT_ACTIVE_COMPILATION_CONDITIONS = DEBUG;
				SWIFT_OPTIMIZATION_LEVEL = "-Onone";
			};
			name = Debug;
		};
		B5C7866923FC113F001F245F /* Release */ = {
			isa = XCBuildConfiguration;
			buildSettings = {
				ALWAYS_SEARCH_USER_PATHS = NO;
				CLANG_ANALYZER_NONNULL = YES;
				CLANG_ANALYZER_NUMBER_OBJECT_CONVERSION = YES_AGGRESSIVE;
				CLANG_CXX_LANGUAGE_STANDARD = "gnu++14";
				CLANG_CXX_LIBRARY = "libc++";
				CLANG_ENABLE_MODULES = YES;
				CLANG_ENABLE_OBJC_ARC = YES;
				CLANG_ENABLE_OBJC_WEAK = YES;
				CLANG_WARN_BLOCK_CAPTURE_AUTORELEASING = YES;
				CLANG_WARN_BOOL_CONVERSION = YES;
				CLANG_WARN_COMMA = YES;
				CLANG_WARN_CONSTANT_CONVERSION = YES;
				CLANG_WARN_DEPRECATED_OBJC_IMPLEMENTATIONS = YES;
				CLANG_WARN_DIRECT_OBJC_ISA_USAGE = YES_ERROR;
				CLANG_WARN_DOCUMENTATION_COMMENTS = YES;
				CLANG_WARN_EMPTY_BODY = YES;
				CLANG_WARN_ENUM_CONVERSION = YES;
				CLANG_WARN_INFINITE_RECURSION = YES;
				CLANG_WARN_INT_CONVERSION = YES;
				CLANG_WARN_NON_LITERAL_NULL_CONVERSION = YES;
				CLANG_WARN_OBJC_IMPLICIT_RETAIN_SELF = YES;
				CLANG_WARN_OBJC_LITERAL_CONVERSION = YES;
				CLANG_WARN_OBJC_ROOT_CLASS = YES_ERROR;
				CLANG_WARN_RANGE_LOOP_ANALYSIS = YES;
				CLANG_WARN_STRICT_PROTOTYPES = YES;
				CLANG_WARN_SUSPICIOUS_MOVE = YES;
				CLANG_WARN_UNGUARDED_AVAILABILITY = YES_AGGRESSIVE;
				CLANG_WARN_UNREACHABLE_CODE = YES;
				CLANG_WARN__DUPLICATE_METHOD_MATCH = YES;
				COPY_PHASE_STRIP = NO;
				DEBUG_INFORMATION_FORMAT = "dwarf-with-dsym";
				ENABLE_NS_ASSERTIONS = NO;
				ENABLE_STRICT_OBJC_MSGSEND = YES;
				GCC_C_LANGUAGE_STANDARD = gnu11;
				GCC_NO_COMMON_BLOCKS = YES;
				GCC_WARN_64_TO_32_BIT_CONVERSION = YES;
				GCC_WARN_ABOUT_RETURN_TYPE = YES_ERROR;
				GCC_WARN_UNDECLARED_SELECTOR = YES;
				GCC_WARN_UNINITIALIZED_AUTOS = YES_AGGRESSIVE;
				GCC_WARN_UNUSED_FUNCTION = YES;
				GCC_WARN_UNUSED_VARIABLE = YES;
				IPHONEOS_DEPLOYMENT_TARGET = 13.2;
				MTL_ENABLE_DEBUG_INFO = NO;
				MTL_FAST_MATH = YES;
				SDKROOT = iphoneos;
				SWIFT_COMPILATION_MODE = wholemodule;
				SWIFT_OPTIMIZATION_LEVEL = "-O";
				VALIDATE_PRODUCT = YES;
			};
			name = Release;
		};
		B5C7866B23FC113F001F245F /* Debug */ = {
			isa = XCBuildConfiguration;
			buildSettings = {
				ASSETCATALOG_COMPILER_APPICON_NAME = AppIcon;
				CODE_SIGN_STYLE = Automatic;
				DEVELOPMENT_TEAM = LHJA6J73E9;
				INFOPLIST_FILE = GitHubFollowers/Support/Info.plist;
				LD_RUNPATH_SEARCH_PATHS = (
					"$(inherited)",
					"@executable_path/Frameworks",
				);
				PRODUCT_BUNDLE_IDENTIFIER = dev.pedrorojas.GitHubFollowers;
				PRODUCT_NAME = "$(TARGET_NAME)";
				SWIFT_VERSION = 5.0;
				TARGETED_DEVICE_FAMILY = 1;
			};
			name = Debug;
		};
		B5C7866C23FC113F001F245F /* Release */ = {
			isa = XCBuildConfiguration;
			buildSettings = {
				ASSETCATALOG_COMPILER_APPICON_NAME = AppIcon;
				CODE_SIGN_STYLE = Automatic;
				DEVELOPMENT_TEAM = LHJA6J73E9;
				INFOPLIST_FILE = GitHubFollowers/Support/Info.plist;
				LD_RUNPATH_SEARCH_PATHS = (
					"$(inherited)",
					"@executable_path/Frameworks",
				);
				PRODUCT_BUNDLE_IDENTIFIER = dev.pedrorojas.GitHubFollowers;
				PRODUCT_NAME = "$(TARGET_NAME)";
				SWIFT_VERSION = 5.0;
				TARGETED_DEVICE_FAMILY = 1;
			};
			name = Release;
		};
/* End XCBuildConfiguration section */

/* Begin XCConfigurationList section */
		B5C7865123FC113C001F245F /* Build configuration list for PBXProject "GitHubFollowers" */ = {
			isa = XCConfigurationList;
			buildConfigurations = (
				B5C7866823FC113F001F245F /* Debug */,
				B5C7866923FC113F001F245F /* Release */,
			);
			defaultConfigurationIsVisible = 0;
			defaultConfigurationName = Release;
		};
		B5C7866A23FC113F001F245F /* Build configuration list for PBXNativeTarget "GitHubFollowers" */ = {
			isa = XCConfigurationList;
			buildConfigurations = (
				B5C7866B23FC113F001F245F /* Debug */,
				B5C7866C23FC113F001F245F /* Release */,
			);
			defaultConfigurationIsVisible = 0;
			defaultConfigurationName = Release;
		};
/* End XCConfigurationList section */
	};
	rootObject = B5C7864E23FC113C001F245F /* Project object */;
}
